{
  "object": {
    "pins": [
      {
        "package": "DataRequest",
        "repositoryURL": "https://github.com/davidthorn/DataRequest.git",
        "state": {
          "branch": null,
          "revision": "9ec60ef3fbacd5d1e0692b296471d84c3e4a2575",
          "version": "1.0.3"
        }
      }
    ]
  },
  "version": 1
}
