{
  "object": {
    "pins": [
      {
        "package": "DataRequest",
        "repositoryURL": "https://github.com/davidthorn/DataRequest.git",
        "state": {
          "branch": null,
          "revision": "c0305ddbbbffc5b0d5482e9bc278c008554acbaa",
          "version": "1.0.4"
        }
      }
    ]
  },
  "version": 1
}
